
Microsoft Visual Studio Solution File, Format Version 12.00
# Visual Studio Version 17
VisualStudioVersion = 17.1.32328.378
MinimumVisualStudioVersion = 10.0.40219.1
Project("{FAE04EC0-301F-11D3-BF4B-00C04F79EFBC}") = "Geolocation", "Geolocation\Geolocation.csproj", "{0C6790AD-6773-4739-853C-98BE4DD9413E}"
EndProject
Global
	GlobalSection(SolutionConfigurationPlatforms) = preSolution
		Debug|Any CPU = Debug|Any CPU
		Release|Any CPU = Release|Any CPU
	EndGlobalSection
	GlobalSection(ProjectConfigurationPlatforms) = postSolution
		{0C6790AD-6773-4739-853C-98BE4DD9413E}.Debug|Any CPU.ActiveCfg = Debug|Any CPU
		{0C6790AD-6773-4739-853C-98BE4DD9413E}.Debug|Any CPU.Build.0 = Debug|Any CPU
		{0C6790AD-6773-4739-853C-98BE4DD9413E}.Release|Any CPU.ActiveCfg = Release|Any CPU
		{0C6790AD-6773-4739-853C-98BE4DD9413E}.Release|Any CPU.Build.0 = Release|Any CPU
	EndGlobalSection
	GlobalSection(SolutionProperties) = preSolution
		HideSolutionNode = FALSE
	EndGlobalSection
	GlobalSection(ExtensibilityGlobals) = postSolution
		SolutionGuid = {E1DEC6A0-3045-43E2-B785-3205F882F370}
	EndGlobalSection
EndGlobal
